{
  "nodes": {
    "dix": {
      "inputs": {
        "fenix": "fenix",
        "nixpkgs": [
          "nq",
          "nixpkgs"
        ],
        "systems": [
          "nq",
          "systems"
        ]
      },
      "locked": {
        "lastModified": 1753646251,
        "narHash": "sha256-Gq5Nr6xVGpAf1XnYrmoeyvqVgffAi8R6QETJU3xv22M=",
        "owner": "bloxx12",
        "repo": "dix",
        "rev": "28ba934ac190e637d520ff3055f786077729638e",
        "type": "github"
      },
      "original": {
        "owner": "bloxx12",
        "repo": "dix",
        "type": "github"
      }
    },
    "dsync": {
      "inputs": {
        "nixpkgs": [
          "nixpkgs"
        ],
        "systems": [
          "systems"
        ]
      },
      "locked": {
        "lastModified": 1753520198,
        "narHash": "sha256-lzzD4+VngxxHyGXf7nG1EDixV8tE52E32doPBJBwK20=",
        "owner": "diniamo",
        "repo": "dsync",
        "rev": "3e6126425a82b7c83034f5f4206e0cca972acfd0",
        "type": "github"
      },
      "original": {
        "owner": "diniamo",
        "repo": "dsync",
        "type": "github"
      }
    },
    "fenix": {
      "inputs": {
        "nixpkgs": [
          "nq",
          "dix",
          "nixpkgs"
        ],
        "rust-analyzer-src": "rust-analyzer-src"
      },
      "locked": {
        "lastModified": 1753598717,
        "narHash": "sha256-Kn5J8HDd+k51c72upNc9IKmIaqN+AqrZfhcU5rDEMHo=",
        "owner": "nix-community",
        "repo": "fenix",
        "rev": "1dd2e6a479e1d6210d67bf10a119e10c508d9b5f",
        "type": "github"
      },
      "original": {
        "owner": "nix-community",
        "repo": "fenix",
        "type": "github"
      }
    },
    "flake-parts": {
      "inputs": {
        "nixpkgs-lib": [
          "nixpkgs"
        ]
      },
      "locked": {
        "lastModified": 1759362264,
        "narHash": "sha256-wfG0S7pltlYyZTM+qqlhJ7GMw2fTF4mLKCIVhLii/4M=",
        "owner": "hercules-ci",
        "repo": "flake-parts",
        "rev": "758cf7296bee11f1706a574c77d072b8a7baa881",
        "type": "github"
      },
      "original": {
        "owner": "hercules-ci",
        "repo": "flake-parts",
        "type": "github"
      }
    },
    "flint": {
      "inputs": {
        "nixpkgs": [
          "nixpkgs"
        ]
      },
      "locked": {
        "lastModified": 1759491390,
        "narHash": "sha256-FAV+yoaTjwa8qiOwABxrdEx+/QaYPDYbFJ7iVcRqdeg=",
        "owner": "NotAShelf",
        "repo": "flint",
        "rev": "d43835672958f1125ee4567ab4ddf6ecde33a965",
        "type": "github"
      },
      "original": {
        "owner": "NotAShelf",
        "repo": "flint",
        "type": "github"
      }
    },
    "nixpkgs": {
      "locked": {
        "lastModified": 1760038930,
        "narHash": "sha256-Oncbh0UmHjSlxO7ErQDM3KM0A5/Znfofj2BSzlHLeVw=",
        "owner": "NixOS",
        "repo": "nixpkgs",
        "rev": "0b4defa2584313f3b781240b29d61f6f9f7e0df3",
        "type": "github"
      },
      "original": {
        "owner": "NixOS",
        "ref": "nixos-unstable",
        "repo": "nixpkgs",
        "type": "github"
      }
    },
    "nq": {
      "inputs": {
        "dix": "dix",
        "flake-parts": [
          "flake-parts"
        ],
        "nixpkgs": [
          "nixpkgs"
        ],
        "systems": [
          "systems"
        ]
      },
      "locked": {
        "lastModified": 1754720805,
        "narHash": "sha256-AdeDSk+ip4U2Eio2NT2Gs7UURE2iycUnyXC+bq8U3kI=",
        "owner": "diniamo",
        "repo": "nq",
        "rev": "c78867eb96b4f78e81b2892f341554d8cc9cf276",
        "type": "github"
      },
      "original": {
        "owner": "diniamo",
        "repo": "nq",
        "type": "github"
      }
    },
    "root": {
      "inputs": {
        "dsync": "dsync",
        "flake-parts": "flake-parts",
        "flint": "flint",
        "nixpkgs": "nixpkgs",
        "nq": "nq",
        "systems": "systems",
        "watt": "watt",
        "wiremix": "wiremix"
      }
    },
    "rust-analyzer-src": {
      "flake": false,
      "locked": {
        "lastModified": 1753540496,
        "narHash": "sha256-BB8YntBL5sv6ZwuPz5bz7vL6f6LOHUHDct9yWvcQvvI=",
        "owner": "rust-lang",
        "repo": "rust-analyzer",
        "rev": "ea413f67a8f730b4211c09e103f8207c62e7dbc3",
        "type": "github"
      },
      "original": {
        "owner": "rust-lang",
        "ref": "nightly",
        "repo": "rust-analyzer",
        "type": "github"
      }
    },
    "systems": {
      "locked": {
        "lastModified": 1689347949,
        "narHash": "sha256-12tWmuL2zgBgZkdoB6qXZsgJEH9LR3oUgpaQq2RbI80=",
        "owner": "nix-systems",
        "repo": "default-linux",
        "rev": "31732fcf5e8fea42e59c2488ad31a0e651500f68",
        "type": "github"
      },
      "original": {
        "owner": "nix-systems",
        "repo": "default-linux",
        "type": "github"
      }
    },
    "watt": {
      "inputs": {
        "nixpkgs": [
          "nixpkgs"
        ]
      },
      "locked": {
        "lastModified": 1754314403,
        "narHash": "sha256-pETi/Fs+8FF2ZuE+JyK9+NcFaDPMHx71UdWgmzjxvkQ=",
        "owner": "NotAShelf",
        "repo": "watt",
        "rev": "f68a9795616699870d213dc9e641dab655aa434a",
        "type": "github"
      },
      "original": {
        "owner": "NotAShelf",
        "repo": "watt",
        "type": "github"
      }
    },
    "wiremix": {
      "inputs": {
        "nixpkgs": [
          "nixpkgs"
        ],
        "systems": [
          "systems"
        ]
      },
      "locked": {
        "lastModified": 1758254107,
        "narHash": "sha256-EcrMe1WbxD9id6JhvmaHQfW+mPjzrAqqeZ47Xp3sRoc=",
        "owner": "tsowell",
        "repo": "wiremix",
        "rev": "05a40ca2a147ce3e015802acc62b2e7bb3711bde",
        "type": "github"
      },
      "original": {
        "owner": "tsowell",
        "repo": "wiremix",
        "type": "github"
      }
    }
  },
  "root": "root",
  "version": 7
}
